
Microsoft Visual Studio Solution File, Format Version 12.00
# Visual Studio 15
VisualStudioVersion = 15.0.28010.2046
MinimumVisualStudioVersion = 10.0.40219.1
Project("{8BC9CEB8-8B4A-11D0-8D11-00A0C91BC942}") = "paging_simulation_project_part2", "paging_simulation_project_part2\paging_simulation_project_part2.vcxproj", "{F023FDE2-F552-40C1-BF86-4DA40F15BC4B}"
EndProject
Global
	GlobalSection(SolutionConfigurationPlatforms) = preSolution
		Debug|x64 = Debug|x64
		Debug|x86 = Debug|x86
		Release|x64 = Release|x64
		Release|x86 = Release|x86
	EndGlobalSection
	GlobalSection(ProjectConfigurationPlatforms) = postSolution
		{F023FDE2-F552-40C1-BF86-4DA40F15BC4B}.Debug|x64.ActiveCfg = Debug|x64
		{F023FDE2-F552-40C1-BF86-4DA40F15BC4B}.Debug|x64.Build.0 = Debug|x64
		{F023FDE2-F552-40C1-BF86-4DA40F15BC4B}.Debug|x86.ActiveCfg = Debug|Win32
		{F023FDE2-F552-40C1-BF86-4DA40F15BC4B}.Debug|x86.Build.0 = Debug|Win32
		{F023FDE2-F552-40C1-BF86-4DA40F15BC4B}.Release|x64.ActiveCfg = Release|x64
		{F023FDE2-F552-40C1-BF86-4DA40F15BC4B}.Release|x64.Build.0 = Release|x64
		{F023FDE2-F552-40C1-BF86-4DA40F15BC4B}.Release|x86.ActiveCfg = Release|Win32
		{F023FDE2-F552-40C1-BF86-4DA40F15BC4B}.Release|x86.Build.0 = Release|Win32
	EndGlobalSection
	GlobalSection(SolutionProperties) = preSolution
		HideSolutionNode = FALSE
	EndGlobalSection
	GlobalSection(ExtensibilityGlobals) = postSolution
		SolutionGuid = {F74E715A-5770-411F-8D4F-3EAF92F056A5}
	EndGlobalSection
EndGlobal
